// !$*UTF8*$!
{
	archiveVersion = 1;
	classes = {
	};
	objectVersion = 60;
	objects = {

/* Begin PBXBuildFile section */
		A10001 /* BattleScriptApp.swift in Sources */ = {isa = PBXBuildFile; fileRef = A20001 /* BattleScriptApp.swift */; };
		A10002 /* ContentView.swift in Sources */ = {isa = PBXBuildFile; fileRef = A20002 /* ContentView.swift */; };
		A10003 /* JJEngine.swift in Sources */ = {isa = PBXBuildFile; fileRef = A20003 /* JJEngine.swift */; };
		A10004 /* EditorTabView.swift in Sources */ = {isa = PBXBuildFile; fileRef = A20004 /* EditorTabView.swift */; };
		A10005 /* OutputView.swift in Sources */ = {isa = PBXBuildFile; fileRef = A20005 /* OutputView.swift */; };
		A10006 /* SyntaxTheme.swift in Sources */ = {isa = PBXBuildFile; fileRef = A20006 /* SyntaxTheme.swift */; };
		A10007 /* SyntaxHighlighter.swift in Sources */ = {isa = PBXBuildFile; fileRef = A20007 /* SyntaxHighlighter.swift */; };
		A10008 /* HighlightedTextView.swift in Sources */ = {isa = PBXBuildFile; fileRef = A20008 /* HighlightedTextView.swift */; };
		A10009 /* ReverseTranspiler.swift in Sources */ = {isa = PBXBuildFile; fileRef = A20009 /* ReverseTranspiler.swift */; };
		A1000A /* Assets.xcassets in Resources */ = {isa = PBXBuildFile; fileRef = A2000A /* Assets.xcassets */; };
		A1000B /* LineNumberRulerView.swift in Sources */ = {isa = PBXBuildFile; fileRef = A2000B /* LineNumberRulerView.swift */; };
		A1000C /* DependencyChecker.swift in Sources */ = {isa = PBXBuildFile; fileRef = A2000C /* DependencyChecker.swift */; };
		A1000D /* DependencyOverlay.swift in Sources */ = {isa = PBXBuildFile; fileRef = A2000D /* DependencyOverlay.swift */; };
		A1000E /* PersistentSplitView.swift in Sources */ = {isa = PBXBuildFile; fileRef = A2000E /* PersistentSplitView.swift */; };
		A10010 /* common in Resources */ = {isa = PBXBuildFile; fileRef = A20010 /* common */; };
		A10011 /* examples in Resources */ = {isa = PBXBuildFile; fileRef = A20011 /* examples */; };
		EAB9779F2F2BF231004582EA /* JJLib in Frameworks */ = {isa = PBXBuildFile; productRef = A90001 /* JJLib */; };
/* End PBXBuildFile section */

/* Begin PBXFileReference section */
		A20001 /* BattleScriptApp.swift */ = {isa = PBXFileReference; lastKnownFileType = sourcecode.swift; path = BattleScriptApp.swift; sourceTree = "<group>"; };
		A20002 /* ContentView.swift */ = {isa = PBXFileReference; lastKnownFileType = sourcecode.swift; path = ContentView.swift; sourceTree = "<group>"; };
		A20003 /* JJEngine.swift */ = {isa = PBXFileReference; lastKnownFileType = sourcecode.swift; path = JJEngine.swift; sourceTree = "<group>"; };
		A20004 /* EditorTabView.swift */ = {isa = PBXFileReference; lastKnownFileType = sourcecode.swift; path = EditorTabView.swift; sourceTree = "<group>"; };
		A20005 /* OutputView.swift */ = {isa = PBXFileReference; lastKnownFileType = sourcecode.swift; path = OutputView.swift; sourceTree = "<group>"; };
		A20006 /* SyntaxTheme.swift */ = {isa = PBXFileReference; lastKnownFileType = sourcecode.swift; path = SyntaxTheme.swift; sourceTree = "<group>"; };
		A20007 /* SyntaxHighlighter.swift */ = {isa = PBXFileReference; lastKnownFileType = sourcecode.swift; path = SyntaxHighlighter.swift; sourceTree = "<group>"; };
		A20008 /* HighlightedTextView.swift */ = {isa = PBXFileReference; lastKnownFileType = sourcecode.swift; path = HighlightedTextView.swift; sourceTree = "<group>"; };
		A20009 /* ReverseTranspiler.swift */ = {isa = PBXFileReference; lastKnownFileType = sourcecode.swift; path = ReverseTranspiler.swift; sourceTree = "<group>"; };
		A2000A /* Assets.xcassets */ = {isa = PBXFileReference; lastKnownFileType = folder.assetcatalog; path = Assets.xcassets; sourceTree = "<group>"; };
		A2000B /* LineNumberRulerView.swift */ = {isa = PBXFileReference; lastKnownFileType = sourcecode.swift; path = LineNumberRulerView.swift; sourceTree = "<group>"; };
		A2000C /* DependencyChecker.swift */ = {isa = PBXFileReference; lastKnownFileType = sourcecode.swift; path = DependencyChecker.swift; sourceTree = "<group>"; };
		A2000D /* DependencyOverlay.swift */ = {isa = PBXFileReference; lastKnownFileType = sourcecode.swift; path = DependencyOverlay.swift; sourceTree = "<group>"; };
		A2000E /* PersistentSplitView.swift */ = {isa = PBXFileReference; lastKnownFileType = sourcecode.swift; path = PersistentSplitView.swift; sourceTree = "<group>"; };
		A20010 /* common */ = {isa = PBXFileReference; lastKnownFileType = folder; name = common; path = ../jibjab/common; sourceTree = SOURCE_ROOT; };
		A20011 /* examples */ = {isa = PBXFileReference; lastKnownFileType = folder; name = examples; path = ../jibjab/examples; sourceTree = SOURCE_ROOT; };
		A20020 /* jjswift */ = {isa = PBXFileReference; lastKnownFileType = wrapper; name = jjswift; path = ../jibjab/jjswift; sourceTree = SOURCE_ROOT; };
		A30001 /* BattleScript.app */ = {isa = PBXFileReference; explicitFileType = wrapper.application; includeInIndex = 0; path = BattleScript.app; sourceTree = BUILT_PRODUCTS_DIR; };
/* End PBXFileReference section */

/* Begin PBXFrameworksBuildPhase section */
		A40001 /* Frameworks */ = {
			isa = PBXFrameworksBuildPhase;
			buildActionMask = 2147483647;
			files = (
				EAB9779F2F2BF231004582EA /* JJLib in Frameworks */,
			);
			runOnlyForDeploymentPostprocessing = 0;
		};
/* End PBXFrameworksBuildPhase section */

/* Begin PBXGroup section */
		A50001 = {
			isa = PBXGroup;
			children = (
				A50002 /* BattleScript */,
				A20010 /* common */,
				A20011 /* examples */,
				A50020 /* Packages */,
				A50003 /* Products */,
			);
			sourceTree = "<group>";
		};
		A50002 /* BattleScript */ = {
			isa = PBXGroup;
			children = (
				A20001 /* BattleScriptApp.swift */,
				A20002 /* ContentView.swift */,
				A20003 /* JJEngine.swift */,
				A20004 /* EditorTabView.swift */,
				A20005 /* OutputView.swift */,
				A20006 /* SyntaxTheme.swift */,
				A20007 /* SyntaxHighlighter.swift */,
				A20008 /* HighlightedTextView.swift */,
				A20009 /* ReverseTranspiler.swift */,
				A2000B /* LineNumberRulerView.swift */,
				A2000C /* DependencyChecker.swift */,
				A2000D /* DependencyOverlay.swift */,
				A2000E /* PersistentSplitView.swift */,
				A2000A /* Assets.xcassets */,
			);
			path = BattleScript;
			sourceTree = "<group>";
		};
		A50003 /* Products */ = {
			isa = PBXGroup;
			children = (
				A30001 /* BattleScript.app */,
			);
			name = Products;
			sourceTree = "<group>";
		};
		A50020 /* Packages */ = {
			isa = PBXGroup;
			children = (
				A20020 /* jjswift */,
			);
			name = Packages;
			sourceTree = "<group>";
		};
/* End PBXGroup section */

/* Begin PBXNativeTarget section */
		A60001 /* BattleScript */ = {
			isa = PBXNativeTarget;
			buildConfigurationList = A80001 /* Build configuration list for PBXNativeTarget "BattleScript" */;
			buildPhases = (
				A70001 /* Sources */,
				A40001 /* Frameworks */,
				A70002 /* Resources */,
			);
			buildRules = (
			);
			dependencies = (
			);
			name = BattleScript;
			packageProductDependencies = (
				A90001 /* JJLib */,
			);
			productName = BattleScript;
			productReference = A30001 /* BattleScript.app */;
			productType = "com.apple.product-type.application";
		};
/* End PBXNativeTarget section */

/* Begin PBXProject section */
		A00001 /* Project object */ = {
			isa = PBXProject;
			attributes = {
				BuildIndependentTargetsInParallel = 1;
				LastSwiftUpdateCheck = 1600;
				LastUpgradeCheck = 2600;
				TargetAttributes = {
					A60001 = {
						CreatedOnToolsVersion = 16.0;
					};
				};
			};
			buildConfigurationList = A80010 /* Build configuration list for PBXProject "BattleScript" */;
			compatibilityVersion = "Xcode 14.0";
			developmentRegion = en;
			hasScannedForEncodings = 0;
			knownRegions = (
				en,
				Base,
			);
			mainGroup = A50001;
			packageReferences = (
				A90010 /* XCLocalSwiftPackageReference "../jibjab/jjswift" */,
			);
			productRefGroup = A50003 /* Products */;
			projectDirPath = "";
			projectRoot = "";
			targets = (
				A60001 /* BattleScript */,
			);
		};
/* End PBXProject section */

/* Begin PBXResourcesBuildPhase section */
		A70002 /* Resources */ = {
			isa = PBXResourcesBuildPhase;
			buildActionMask = 2147483647;
			files = (
				A10010 /* common in Resources */,
				A10011 /* examples in Resources */,
				A1000A /* Assets.xcassets in Resources */,
			);
			runOnlyForDeploymentPostprocessing = 0;
		};
/* End PBXResourcesBuildPhase section */

/* Begin PBXSourcesBuildPhase section */
		A70001 /* Sources */ = {
			isa = PBXSourcesBuildPhase;
			buildActionMask = 2147483647;
			files = (
				A10001 /* BattleScriptApp.swift in Sources */,
				A10002 /* ContentView.swift in Sources */,
				A10003 /* JJEngine.swift in Sources */,
				A10004 /* EditorTabView.swift in Sources */,
				A10005 /* OutputView.swift in Sources */,
				A10006 /* SyntaxTheme.swift in Sources */,
				A10007 /* SyntaxHighlighter.swift in Sources */,
				A10008 /* HighlightedTextView.swift in Sources */,
				A10009 /* ReverseTranspiler.swift in Sources */,
				A1000B /* LineNumberRulerView.swift in Sources */,
				A1000C /* DependencyChecker.swift in Sources */,
				A1000D /* DependencyOverlay.swift in Sources */,
				A1000E /* PersistentSplitView.swift in Sources */,
			);
			runOnlyForDeploymentPostprocessing = 0;
		};
/* End PBXSourcesBuildPhase section */

/* Begin XCBuildConfiguration section */
		B10001 /* Debug */ = {
			isa = XCBuildConfiguration;
			buildSettings = {
				ALWAYS_SEARCH_USER_PATHS = NO;
				ASSETCATALOG_COMPILER_GENERATE_SWIFT_ASSET_SYMBOL_EXTENSIONS = YES;
				CLANG_ANALYZER_NONNULL = YES;
				CLANG_ANALYZER_NUMBER_OBJECT_CONVERSION = YES_AGGRESSIVE;
				CLANG_CXX_LANGUAGE_STANDARD = "gnu++20";
				CLANG_ENABLE_MODULES = YES;
				CLANG_ENABLE_OBJC_ARC = YES;
				CLANG_ENABLE_OBJC_WEAK = YES;
				CLANG_WARN_BLOCK_CAPTURE_AUTORELEASING = YES;
				CLANG_WARN_BOOL_CONVERSION = YES;
				CLANG_WARN_COMMA = YES;
				CLANG_WARN_CONSTANT_CONVERSION = YES;
				CLANG_WARN_DEPRECATED_OBJC_IMPLEMENTATIONS = YES;
				CLANG_WARN_DIRECT_OBJC_ISA_USAGE = YES_ERROR;
				CLANG_WARN_DOCUMENTATION_COMMENTS = YES;
				CLANG_WARN_EMPTY_BODY = YES;
				CLANG_WARN_ENUM_CONVERSION = YES;
				CLANG_WARN_INFINITE_RECURSION = YES;
				CLANG_WARN_INT_CONVERSION = YES;
				CLANG_WARN_NON_LITERAL_NULL_CONVERSION = YES;
				CLANG_WARN_OBJC_IMPLICIT_RETAIN_SELF = YES;
				CLANG_WARN_OBJC_LITERAL_CONVERSION = YES;
				CLANG_WARN_OBJC_ROOT_CLASS = YES_ERROR;
				CLANG_WARN_QUOTED_INCLUDE_IN_FRAMEWORK_HEADER = YES;
				CLANG_WARN_RANGE_LOOP_ANALYSIS = YES;
				CLANG_WARN_STRICT_PROTOTYPES = YES;
				CLANG_WARN_SUSPICIOUS_MOVE = YES;
				CLANG_WARN_UNGUARDED_AVAILABILITY = YES_AGGRESSIVE;
				CLANG_WARN_UNREACHABLE_CODE = YES;
				CLANG_WARN__DUPLICATE_METHOD_MATCH = YES;
				COPY_PHASE_STRIP = NO;
				DEAD_CODE_STRIPPING = YES;
				DEBUG_INFORMATION_FORMAT = dwarf;
				DEVELOPMENT_TEAM = 469UCUB275;
				ENABLE_STRICT_OBJC_MSGSEND = YES;
				ENABLE_TESTABILITY = YES;
				ENABLE_USER_SCRIPT_SANDBOXING = YES;
				GCC_C_LANGUAGE_STANDARD = gnu17;
				GCC_DYNAMIC_NO_PIC = NO;
				GCC_NO_COMMON_BLOCKS = YES;
				GCC_OPTIMIZATION_LEVEL = 0;
				GCC_PREPROCESSOR_DEFINITIONS = (
					"DEBUG=1",
					"$(inherited)",
				);
				GCC_WARN_64_TO_32_BIT_CONVERSION = YES;
				GCC_WARN_ABOUT_RETURN_TYPE = YES_ERROR;
				GCC_WARN_UNDECLARED_SELECTOR = YES;
				GCC_WARN_UNINITIALIZED_AUTOS = YES_AGGRESSIVE;
				GCC_WARN_UNUSED_FUNCTION = YES;
				GCC_WARN_UNUSED_VARIABLE = YES;
				MACOSX_DEPLOYMENT_TARGET = 14.0;
				MTL_ENABLE_DEBUG_INFO = INCLUDE_SOURCE;
				MTL_FAST_MATH = YES;
				ONLY_ACTIVE_ARCH = YES;
				SDKROOT = macosx;
				STRING_CATALOG_GENERATE_SYMBOLS = YES;
				SWIFT_ACTIVE_COMPILATION_CONDITIONS = "$(inherited) DEBUG";
				SWIFT_OPTIMIZATION_LEVEL = "-Onone";
			};
			name = Debug;
		};
		B10002 /* Release */ = {
			isa = XCBuildConfiguration;
			buildSettings = {
				ALWAYS_SEARCH_USER_PATHS = NO;
				ASSETCATALOG_COMPILER_GENERATE_SWIFT_ASSET_SYMBOL_EXTENSIONS = YES;
				CLANG_ANALYZER_NONNULL = YES;
				CLANG_ANALYZER_NUMBER_OBJECT_CONVERSION = YES_AGGRESSIVE;
				CLANG_CXX_LANGUAGE_STANDARD = "gnu++20";
				CLANG_ENABLE_MODULES = YES;
				CLANG_ENABLE_OBJC_ARC = YES;
				CLANG_ENABLE_OBJC_WEAK = YES;
				CLANG_WARN_BLOCK_CAPTURE_AUTORELEASING = YES;
				CLANG_WARN_BOOL_CONVERSION = YES;
				CLANG_WARN_COMMA = YES;
				CLANG_WARN_CONSTANT_CONVERSION = YES;
				CLANG_WARN_DEPRECATED_OBJC_IMPLEMENTATIONS = YES;
				CLANG_WARN_DIRECT_OBJC_ISA_USAGE = YES_ERROR;
				CLANG_WARN_DOCUMENTATION_COMMENTS = YES;
				CLANG_WARN_EMPTY_BODY = YES;
				CLANG_WARN_ENUM_CONVERSION = YES;
				CLANG_WARN_INFINITE_RECURSION = YES;
				CLANG_WARN_INT_CONVERSION = YES;
				CLANG_WARN_NON_LITERAL_NULL_CONVERSION = YES;
				CLANG_WARN_OBJC_IMPLICIT_RETAIN_SELF = YES;
				CLANG_WARN_OBJC_LITERAL_CONVERSION = YES;
				CLANG_WARN_OBJC_ROOT_CLASS = YES_ERROR;
				CLANG_WARN_QUOTED_INCLUDE_IN_FRAMEWORK_HEADER = YES;
				CLANG_WARN_RANGE_LOOP_ANALYSIS = YES;
				CLANG_WARN_STRICT_PROTOTYPES = YES;
				CLANG_WARN_SUSPICIOUS_MOVE = YES;
				CLANG_WARN_UNGUARDED_AVAILABILITY = YES_AGGRESSIVE;
				CLANG_WARN_UNREACHABLE_CODE = YES;
				CLANG_WARN__DUPLICATE_METHOD_MATCH = YES;
				COPY_PHASE_STRIP = NO;
				DEAD_CODE_STRIPPING = YES;
				DEBUG_INFORMATION_FORMAT = "dwarf-with-dsym";
				DEVELOPMENT_TEAM = 469UCUB275;
				ENABLE_NS_ASSERTIONS = NO;
				ENABLE_STRICT_OBJC_MSGSEND = YES;
				ENABLE_USER_SCRIPT_SANDBOXING = YES;
				GCC_C_LANGUAGE_STANDARD = gnu17;
				GCC_NO_COMMON_BLOCKS = YES;
				GCC_WARN_64_TO_32_BIT_CONVERSION = YES;
				GCC_WARN_ABOUT_RETURN_TYPE = YES_ERROR;
				GCC_WARN_UNDECLARED_SELECTOR = YES;
				GCC_WARN_UNINITIALIZED_AUTOS = YES_AGGRESSIVE;
				GCC_WARN_UNUSED_FUNCTION = YES;
				GCC_WARN_UNUSED_VARIABLE = YES;
				MACOSX_DEPLOYMENT_TARGET = 14.0;
				MTL_FAST_MATH = YES;
				SDKROOT = macosx;
				STRING_CATALOG_GENERATE_SYMBOLS = YES;
				SWIFT_COMPILATION_MODE = wholemodule;
			};
			name = Release;
		};
		B20001 /* Debug */ = {
			isa = XCBuildConfiguration;
			buildSettings = {
				ASSETCATALOG_COMPILER_APPICON_NAME = AppIcon;
				CODE_SIGN_ENTITLEMENTS = "";
				CODE_SIGN_STYLE = Automatic;
				COMBINE_HIDPI_IMAGES = YES;
				CURRENT_PROJECT_VERSION = 4;
				DEAD_CODE_STRIPPING = YES;
				ENABLE_APP_SANDBOX = NO;
				ENABLE_HARDENED_RUNTIME = YES;
				GENERATE_INFOPLIST_FILE = YES;
				INFOPLIST_KEY_LSApplicationCategoryType = "public.app-category.developer-tools";
				INFOPLIST_KEY_NSHumanReadableCopyright = "";
				INFOPLIST_KEY_NSMainStoryboardFile = "";
				INFOPLIST_KEY_NSPrincipalClass = NSApplication;
				LD_RUNPATH_SEARCH_PATHS = (
					"$(inherited)",
					"@executable_path/../Frameworks",
				);
				MARKETING_VERSION = 1.0.0;
				PRODUCT_BUNDLE_IDENTIFIER = com.jibjab.BattleScript;
				PRODUCT_NAME = "$(TARGET_NAME)";
				SWIFT_EMIT_LOC_STRINGS = YES;
				SWIFT_VERSION = 5.0;
			};
			name = Debug;
		};
		B20002 /* Release */ = {
			isa = XCBuildConfiguration;
			buildSettings = {
				ASSETCATALOG_COMPILER_APPICON_NAME = AppIcon;
				CODE_SIGN_ENTITLEMENTS = "";
				CODE_SIGN_STYLE = Automatic;
				COMBINE_HIDPI_IMAGES = YES;
				CURRENT_PROJECT_VERSION = 4;
				DEAD_CODE_STRIPPING = YES;
				ENABLE_APP_SANDBOX = NO;
				ENABLE_HARDENED_RUNTIME = YES;
				GENERATE_INFOPLIST_FILE = YES;
				INFOPLIST_KEY_LSApplicationCategoryType = "public.app-category.developer-tools";
				INFOPLIST_KEY_NSHumanReadableCopyright = "";
				INFOPLIST_KEY_NSMainStoryboardFile = "";
				INFOPLIST_KEY_NSPrincipalClass = NSApplication;
				LD_RUNPATH_SEARCH_PATHS = (
					"$(inherited)",
					"@executable_path/../Frameworks",
				);
				MARKETING_VERSION = 1.0.0;
				PRODUCT_BUNDLE_IDENTIFIER = com.jibjab.BattleScript;
				PRODUCT_NAME = "$(TARGET_NAME)";
				SWIFT_EMIT_LOC_STRINGS = YES;
				SWIFT_VERSION = 5.0;
			};
			name = Release;
		};
/* End XCBuildConfiguration section */

/* Begin XCConfigurationList section */
		A80001 /* Build configuration list for PBXNativeTarget "BattleScript" */ = {
			isa = XCConfigurationList;
			buildConfigurations = (
				B20001 /* Debug */,
				B20002 /* Release */,
			);
			defaultConfigurationIsVisible = 0;
			defaultConfigurationName = Release;
		};
		A80010 /* Build configuration list for PBXProject "BattleScript" */ = {
			isa = XCConfigurationList;
			buildConfigurations = (
				B10001 /* Debug */,
				B10002 /* Release */,
			);
			defaultConfigurationIsVisible = 0;
			defaultConfigurationName = Release;
		};
/* End XCConfigurationList section */

/* Begin XCLocalSwiftPackageReference section */
		A90010 /* XCLocalSwiftPackageReference "../jibjab/jjswift" */ = {
			isa = XCLocalSwiftPackageReference;
			relativePath = ../jibjab/jjswift;
		};
/* End XCLocalSwiftPackageReference section */

/* Begin XCSwiftPackageProductDependency section */
		A90001 /* JJLib */ = {
			isa = XCSwiftPackageProductDependency;
			package = A90010 /* XCLocalSwiftPackageReference "../jibjab/jjswift" */;
			productName = JJLib;
		};
/* End XCSwiftPackageProductDependency section */
	};
	rootObject = A00001 /* Project object */;
}
